
Microsoft Visual Studio Solution File, Format Version 12.00
# Visual Studio Version 16
VisualStudioVersion = 16.0.28606.126
MinimumVisualStudioVersion = 10.0.40219.1
Project("{FAE04EC0-301F-11D3-BF4B-00C04F79EFBC}") = "CopyToClipBoard", "CopyToClipBoard.csproj", "{F61FE948-A306-4E1B-8595-C4458F14FC5A}"
EndProject
Global
	GlobalSection(SolutionConfigurationPlatforms) = preSolution
		Debug|Any CPU = Debug|Any CPU
		Release|Any CPU = Release|Any CPU
	EndGlobalSection
	GlobalSection(ProjectConfigurationPlatforms) = postSolution
		{F61FE948-A306-4E1B-8595-C4458F14FC5A}.Debug|Any CPU.ActiveCfg = Debug|Any CPU
		{F61FE948-A306-4E1B-8595-C4458F14FC5A}.Debug|Any CPU.Build.0 = Debug|Any CPU
		{F61FE948-A306-4E1B-8595-C4458F14FC5A}.Release|Any CPU.ActiveCfg = Release|Any CPU
		{F61FE948-A306-4E1B-8595-C4458F14FC5A}.Release|Any CPU.Build.0 = Release|Any CPU
	EndGlobalSection
	GlobalSection(SolutionProperties) = preSolution
		HideSolutionNode = FALSE
	EndGlobalSection
	GlobalSection(ExtensibilityGlobals) = postSolution
		SolutionGuid = {E85C2B90-CFBE-4245-97BD-0E6FE2797C06}
	EndGlobalSection
EndGlobal
